// !$*UTF8*$!
{
	archiveVersion = 1;
	classes = {
	};
	objectVersion = 55;
	objects = {

/* Begin PBXBuildFile section */
		6FA8C7DA27BC69AD0018B992 /* AppDelegate.swift in Sources */ = {isa = PBXBuildFile; fileRef = 6FA8C7D927BC69AD0018B992 /* AppDelegate.swift */; };
		6FA8C7DC27BC69AD0018B992 /* SceneDelegate.swift in Sources */ = {isa = PBXBuildFile; fileRef = 6FA8C7DB27BC69AD0018B992 /* SceneDelegate.swift */; };
		6FA8C7DE27BC69AD0018B992 /* ViewController.swift in Sources */ = {isa = PBXBuildFile; fileRef = 6FA8C7DD27BC69AD0018B992 /* ViewController.swift */; };
		6FA8C7E127BC69AD0018B992 /* Main.storyboard in Resources */ = {isa = PBXBuildFile; fileRef = 6FA8C7DF27BC69AD0018B992 /* Main.storyboard */; };
		6FA8C7E327BC69B60018B992 /* Assets.xcassets in Resources */ = {isa = PBXBuildFile; fileRef = 6FA8C7E227BC69B60018B992 /* Assets.xcassets */; };
		6FA8C7E627BC69B60018B992 /* LaunchScreen.storyboard in Resources */ = {isa = PBXBuildFile; fileRef = 6FA8C7E427BC69B60018B992 /* LaunchScreen.storyboard */; };
		6FA8C7EE27BC6B200018B992 /* ViewModel.swift in Sources */ = {isa = PBXBuildFile; fileRef = 6FA8C7ED27BC6B1F0018B992 /* ViewModel.swift */; };
/* End PBXBuildFile section */

/* Begin PBXFileReference section */
		6FA8C7D627BC69AD0018B992 /* CompositionalLayoutExample.app */ = {isa = PBXFileReference; explicitFileType = wrapper.application; includeInIndex = 0; path = CompositionalLayoutExample.app; sourceTree = BUILT_PRODUCTS_DIR; };
		6FA8C7D927BC69AD0018B992 /* AppDelegate.swift */ = {isa = PBXFileReference; lastKnownFileType = sourcecode.swift; path = AppDelegate.swift; sourceTree = "<group>"; };
		6FA8C7DB27BC69AD0018B992 /* SceneDelegate.swift */ = {isa = PBXFileReference; lastKnownFileType = sourcecode.swift; path = SceneDelegate.swift; sourceTree = "<group>"; };
		6FA8C7DD27BC69AD0018B992 /* ViewController.swift */ = {isa = PBXFileReference; lastKnownFileType = sourcecode.swift; path = ViewController.swift; sourceTree = "<group>"; };
		6FA8C7E027BC69AD0018B992 /* Base */ = {isa = PBXFileReference; lastKnownFileType = file.storyboard; name = Base; path = Base.lproj/Main.storyboard; sourceTree = "<group>"; };
		6FA8C7E227BC69B60018B992 /* Assets.xcassets */ = {isa = PBXFileReference; lastKnownFileType = folder.assetcatalog; path = Assets.xcassets; sourceTree = "<group>"; };
		6FA8C7E527BC69B60018B992 /* Base */ = {isa = PBXFileReference; lastKnownFileType = file.storyboard; name = Base; path = Base.lproj/LaunchScreen.storyboard; sourceTree = "<group>"; };
		6FA8C7E727BC69B60018B992 /* Info.plist */ = {isa = PBXFileReference; lastKnownFileType = text.plist.xml; path = Info.plist; sourceTree = "<group>"; };
		6FA8C7ED27BC6B1F0018B992 /* ViewModel.swift */ = {isa = PBXFileReference; lastKnownFileType = sourcecode.swift; path = ViewModel.swift; sourceTree = "<group>"; };
/* End PBXFileReference section */

/* Begin PBXFrameworksBuildPhase section */
		6FA8C7D327BC69AD0018B992 /* Frameworks */ = {
			isa = PBXFrameworksBuildPhase;
			buildActionMask = 2147483647;
			files = (
			);
			runOnlyForDeploymentPostprocessing = 0;
		};
/* End PBXFrameworksBuildPhase section */

/* Begin PBXGroup section */
		6FA8C7CD27BC69AD0018B992 = {
			isa = PBXGroup;
			children = (
				6FA8C7D827BC69AD0018B992 /* CompositionalLayoutExample */,
				6FA8C7D727BC69AD0018B992 /* Products */,
			);
			sourceTree = "<group>";
		};
		6FA8C7D727BC69AD0018B992 /* Products */ = {
			isa = PBXGroup;
			children = (
				6FA8C7D627BC69AD0018B992 /* CompositionalLayoutExample.app */,
			);
			name = Products;
			sourceTree = "<group>";
		};
		6FA8C7D827BC69AD0018B992 /* CompositionalLayoutExample */ = {
			isa = PBXGroup;
			children = (
				6FA8C7D927BC69AD0018B992 /* AppDelegate.swift */,
				6FA8C7DB27BC69AD0018B992 /* SceneDelegate.swift */,
				6FA8C7DD27BC69AD0018B992 /* ViewController.swift */,
				6FA8C7ED27BC6B1F0018B992 /* ViewModel.swift */,
				6FA8C7DF27BC69AD0018B992 /* Main.storyboard */,
				6FA8C7E227BC69B60018B992 /* Assets.xcassets */,
				6FA8C7E427BC69B60018B992 /* LaunchScreen.storyboard */,
				6FA8C7E727BC69B60018B992 /* Info.plist */,
			);
			path = CompositionalLayoutExample;
			sourceTree = "<group>";
		};
/* End PBXGroup section */

/* Begin PBXNativeTarget section */
		6FA8C7D527BC69AD0018B992 /* CompositionalLayoutExample */ = {
			isa = PBXNativeTarget;
			buildConfigurationList = 6FA8C7EA27BC69B60018B992 /* Build configuration list for PBXNativeTarget "CompositionalLayoutExample" */;
			buildPhases = (
				6FA8C7D227BC69AD0018B992 /* Sources */,
				6FA8C7D327BC69AD0018B992 /* Frameworks */,
				6FA8C7D427BC69AD0018B992 /* Resources */,
			);
			buildRules = (
			);
			dependencies = (
			);
			name = CompositionalLayoutExample;
			productName = CompositionalLayoutExample;
			productReference = 6FA8C7D627BC69AD0018B992 /* CompositionalLayoutExample.app */;
			productType = "com.apple.product-type.application";
		};
/* End PBXNativeTarget section */

/* Begin PBXProject section */
		6FA8C7CE27BC69AD0018B992 /* Project object */ = {
			isa = PBXProject;
			attributes = {
				BuildIndependentTargetsInParallel = 1;
				LastSwiftUpdateCheck = 1300;
				LastUpgradeCheck = 1300;
				TargetAttributes = {
					6FA8C7D527BC69AD0018B992 = {
						CreatedOnToolsVersion = 13.0;
					};
				};
			};
			buildConfigurationList = 6FA8C7D127BC69AD0018B992 /* Build configuration list for PBXProject "CompositionalLayoutExample" */;
			compatibilityVersion = "Xcode 13.0";
			developmentRegion = en;
			hasScannedForEncodings = 0;
			knownRegions = (
				en,
				Base,
			);
			mainGroup = 6FA8C7CD27BC69AD0018B992;
			productRefGroup = 6FA8C7D727BC69AD0018B992 /* Products */;
			projectDirPath = "";
			projectRoot = "";
			targets = (
				6FA8C7D527BC69AD0018B992 /* CompositionalLayoutExample */,
			);
		};
/* End PBXProject section */

/* Begin PBXResourcesBuildPhase section */
		6FA8C7D427BC69AD0018B992 /* Resources */ = {
			isa = PBXResourcesBuildPhase;
			buildActionMask = 2147483647;
			files = (
				6FA8C7E627BC69B60018B992 /* LaunchScreen.storyboard in Resources */,
				6FA8C7E327BC69B60018B992 /* Assets.xcassets in Resources */,
				6FA8C7E127BC69AD0018B992 /* Main.storyboard in Resources */,
			);
			runOnlyForDeploymentPostprocessing = 0;
		};
/* End PBXResourcesBuildPhase section */

/* Begin PBXSourcesBuildPhase section */
		6FA8C7D227BC69AD0018B992 /* Sources */ = {
			isa = PBXSourcesBuildPhase;
			buildActionMask = 2147483647;
			files = (
				6FA8C7DE27BC69AD0018B992 /* ViewController.swift in Sources */,
				6FA8C7DA27BC69AD0018B992 /* AppDelegate.swift in Sources */,
				6FA8C7EE27BC6B200018B992 /* ViewModel.swift in Sources */,
				6FA8C7DC27BC69AD0018B992 /* SceneDelegate.swift in Sources */,
			);
			runOnlyForDeploymentPostprocessing = 0;
		};
/* End PBXSourcesBuildPhase section */

/* Begin PBXVariantGroup section */
		6FA8C7DF27BC69AD0018B992 /* Main.storyboard */ = {
			isa = PBXVariantGroup;
			children = (
				6FA8C7E027BC69AD0018B992 /* Base */,
			);
			name = Main.storyboard;
			sourceTree = "<group>";
		};
		6FA8C7E427BC69B60018B992 /* LaunchScreen.storyboard */ = {
			isa = PBXVariantGroup;
			children = (
				6FA8C7E527BC69B60018B992 /* Base */,
			);
			name = LaunchScreen.storyboard;
			sourceTree = "<group>";
		};
/* End PBXVariantGroup section */

/* Begin XCBuildConfiguration section */
		6FA8C7E827BC69B60018B992 /* Debug */ = {
			isa = XCBuildConfiguration;
			buildSettings = {
				ALWAYS_SEARCH_USER_PATHS = NO;
				CLANG_ANALYZER_NONNULL = YES;
				CLANG_ANALYZER_NUMBER_OBJECT_CONVERSION = YES_AGGRESSIVE;
				CLANG_CXX_LANGUAGE_STANDARD = "gnu++17";
				CLANG_CXX_LIBRARY = "libc++";
				CLANG_ENABLE_MODULES = YES;
				CLANG_ENABLE_OBJC_ARC = YES;
				CLANG_ENABLE_OBJC_WEAK = YES;
				CLANG_WARN_BLOCK_CAPTURE_AUTORELEASING = YES;
				CLANG_WARN_BOOL_CONVERSION = YES;
				CLANG_WARN_COMMA = YES;
				CLANG_WARN_CONSTANT_CONVERSION = YES;
				CLANG_WARN_DEPRECATED_OBJC_IMPLEMENTATIONS = YES;
				CLANG_WARN_DIRECT_OBJC_ISA_USAGE = YES_ERROR;
				CLANG_WARN_DOCUMENTATION_COMMENTS = YES;
				CLANG_WARN_EMPTY_BODY = YES;
				CLANG_WARN_ENUM_CONVERSION = YES;
				CLANG_WARN_INFINITE_RECURSION = YES;
				CLANG_WARN_INT_CONVERSION = YES;
				CLANG_WARN_NON_LITERAL_NULL_CONVERSION = YES;
				CLANG_WARN_OBJC_IMPLICIT_RETAIN_SELF = YES;
				CLANG_WARN_OBJC_LITERAL_CONVERSION = YES;
				CLANG_WARN_OBJC_ROOT_CLASS = YES_ERROR;
				CLANG_WARN_QUOTED_INCLUDE_IN_FRAMEWORK_HEADER = YES;
				CLANG_WARN_RANGE_LOOP_ANALYSIS = YES;
				CLANG_WARN_STRICT_PROTOTYPES = YES;
				CLANG_WARN_SUSPICIOUS_MOVE = YES;
				CLANG_WARN_UNGUARDED_AVAILABILITY = YES_AGGRESSIVE;
				CLANG_WARN_UNREACHABLE_CODE = YES;
				CLANG_WARN__DUPLICATE_METHOD_MATCH = YES;
				COPY_PHASE_STRIP = NO;
				DEBUG_INFORMATION_FORMAT = dwarf;
				ENABLE_STRICT_OBJC_MSGSEND = YES;
				ENABLE_TESTABILITY = YES;
				GCC_C_LANGUAGE_STANDARD = gnu11;
				GCC_DYNAMIC_NO_PIC = NO;
				GCC_NO_COMMON_BLOCKS = YES;
				GCC_OPTIMIZATION_LEVEL = 0;
				GCC_PREPROCESSOR_DEFINITIONS = (
					"DEBUG=1",
					"$(inherited)",
				);
				GCC_WARN_64_TO_32_BIT_CONVERSION = YES;
				GCC_WARN_ABOUT_RETURN_TYPE = YES_ERROR;
				GCC_WARN_UNDECLARED_SELECTOR = YES;
				GCC_WARN_UNINITIALIZED_AUTOS = YES_AGGRESSIVE;
				GCC_WARN_UNUSED_FUNCTION = YES;
				GCC_WARN_UNUSED_VARIABLE = YES;
				IPHONEOS_DEPLOYMENT_TARGET = 15.0;
				MTL_ENABLE_DEBUG_INFO = INCLUDE_SOURCE;
				MTL_FAST_MATH = YES;
				ONLY_ACTIVE_ARCH = YES;
				SDKROOT = iphoneos;
				SWIFT_ACTIVE_COMPILATION_CONDITIONS = DEBUG;
				SWIFT_OPTIMIZATION_LEVEL = "-Onone";
			};
			name = Debug;
		};
		6FA8C7E927BC69B60018B992 /* Release */ = {
			isa = XCBuildConfiguration;
			buildSettings = {
				ALWAYS_SEARCH_USER_PATHS = NO;
				CLANG_ANALYZER_NONNULL = YES;
				CLANG_ANALYZER_NUMBER_OBJECT_CONVERSION = YES_AGGRESSIVE;
				CLANG_CXX_LANGUAGE_STANDARD = "gnu++17";
				CLANG_CXX_LIBRARY = "libc++";
				CLANG_ENABLE_MODULES = YES;
				CLANG_ENABLE_OBJC_ARC = YES;
				CLANG_ENABLE_OBJC_WEAK = YES;
				CLANG_WARN_BLOCK_CAPTURE_AUTORELEASING = YES;
				CLANG_WARN_BOOL_CONVERSION = YES;
				CLANG_WARN_COMMA = YES;
				CLANG_WARN_CONSTANT_CONVERSION = YES;
				CLANG_WARN_DEPRECATED_OBJC_IMPLEMENTATIONS = YES;
				CLANG_WARN_DIRECT_OBJC_ISA_USAGE = YES_ERROR;
				CLANG_WARN_DOCUMENTATION_COMMENTS = YES;
				CLANG_WARN_EMPTY_BODY = YES;
				CLANG_WARN_ENUM_CONVERSION = YES;
				CLANG_WARN_INFINITE_RECURSION = YES;
				CLANG_WARN_INT_CONVERSION = YES;
				CLANG_WARN_NON_LITERAL_NULL_CONVERSION = YES;
				CLANG_WARN_OBJC_IMPLICIT_RETAIN_SELF = YES;
				CLANG_WARN_OBJC_LITERAL_CONVERSION = YES;
				CLANG_WARN_OBJC_ROOT_CLASS = YES_ERROR;
				CLANG_WARN_QUOTED_INCLUDE_IN_FRAMEWORK_HEADER = YES;
				CLANG_WARN_RANGE_LOOP_ANALYSIS = YES;
				CLANG_WARN_STRICT_PROTOTYPES = YES;
				CLANG_WARN_SUSPICIOUS_MOVE = YES;
				CLANG_WARN_UNGUARDED_AVAILABILITY = YES_AGGRESSIVE;
				CLANG_WARN_UNREACHABLE_CODE = YES;
				CLANG_WARN__DUPLICATE_METHOD_MATCH = YES;
				COPY_PHASE_STRIP = NO;
				DEBUG_INFORMATION_FORMAT = "dwarf-with-dsym";
				ENABLE_NS_ASSERTIONS = NO;
				ENABLE_STRICT_OBJC_MSGSEND = YES;
				GCC_C_LANGUAGE_STANDARD = gnu11;
				GCC_NO_COMMON_BLOCKS = YES;
				GCC_WARN_64_TO_32_BIT_CONVERSION = YES;
				GCC_WARN_ABOUT_RETURN_TYPE = YES_ERROR;
				GCC_WARN_UNDECLARED_SELECTOR = YES;
				GCC_WARN_UNINITIALIZED_AUTOS = YES_AGGRESSIVE;
				GCC_WARN_UNUSED_FUNCTION = YES;
				GCC_WARN_UNUSED_VARIABLE = YES;
				IPHONEOS_DEPLOYMENT_TARGET = 15.0;
				MTL_ENABLE_DEBUG_INFO = NO;
				MTL_FAST_MATH = YES;
				SDKROOT = iphoneos;
				SWIFT_COMPILATION_MODE = wholemodule;
				SWIFT_OPTIMIZATION_LEVEL = "-O";
				VALIDATE_PRODUCT = YES;
			};
			name = Release;
		};
		6FA8C7EB27BC69B60018B992 /* Debug */ = {
			isa = XCBuildConfiguration;
			buildSettings = {
				ASSETCATALOG_COMPILER_APPICON_NAME = AppIcon;
				ASSETCATALOG_COMPILER_GLOBAL_ACCENT_COLOR_NAME = AccentColor;
				CODE_SIGN_STYLE = Automatic;
				CURRENT_PROJECT_VERSION = 1;
				DEVELOPMENT_TEAM = YH3N2XF883;
				GENERATE_INFOPLIST_FILE = YES;
				INFOPLIST_FILE = CompositionalLayoutExample/Info.plist;
				INFOPLIST_KEY_UIApplicationSupportsIndirectInputEvents = YES;
				INFOPLIST_KEY_UILaunchStoryboardName = LaunchScreen;
				INFOPLIST_KEY_UIMainStoryboardFile = Main;
				INFOPLIST_KEY_UISupportedInterfaceOrientations_iPad = "UIInterfaceOrientationPortrait UIInterfaceOrientationPortraitUpsideDown UIInterfaceOrientationLandscapeLeft UIInterfaceOrientationLandscapeRight";
				INFOPLIST_KEY_UISupportedInterfaceOrientations_iPhone = "UIInterfaceOrientationPortrait UIInterfaceOrientationLandscapeLeft UIInterfaceOrientationLandscapeRight";
				LD_RUNPATH_SEARCH_PATHS = (
					"$(inherited)",
					"@executable_path/Frameworks",
				);
				MARKETING_VERSION = 1.0;
				PRODUCT_BUNDLE_IDENTIFIER = "com.tx-TEM.CompositionalLayoutExample";
				PRODUCT_NAME = "$(TARGET_NAME)";
				SWIFT_EMIT_LOC_STRINGS = YES;
				SWIFT_VERSION = 5.0;
				TARGETED_DEVICE_FAMILY = "1,2";
			};
			name = Debug;
		};
		6FA8C7EC27BC69B60018B992 /* Release */ = {
			isa = XCBuildConfiguration;
			buildSettings = {
				ASSETCATALOG_COMPILER_APPICON_NAME = AppIcon;
				ASSETCATALOG_COMPILER_GLOBAL_ACCENT_COLOR_NAME = AccentColor;
				CODE_SIGN_STYLE = Automatic;
				CURRENT_PROJECT_VERSION = 1;
				DEVELOPMENT_TEAM = YH3N2XF883;
				GENERATE_INFOPLIST_FILE = YES;
				INFOPLIST_FILE = CompositionalLayoutExample/Info.plist;
				INFOPLIST_KEY_UIApplicationSupportsIndirectInputEvents = YES;
				INFOPLIST_KEY_UILaunchStoryboardName = LaunchScreen;
				INFOPLIST_KEY_UIMainStoryboardFile = Main;
				INFOPLIST_KEY_UISupportedInterfaceOrientations_iPad = "UIInterfaceOrientationPortrait UIInterfaceOrientationPortraitUpsideDown UIInterfaceOrientationLandscapeLeft UIInterfaceOrientationLandscapeRight";
				INFOPLIST_KEY_UISupportedInterfaceOrientations_iPhone = "UIInterfaceOrientationPortrait UIInterfaceOrientationLandscapeLeft UIInterfaceOrientationLandscapeRight";
				LD_RUNPATH_SEARCH_PATHS = (
					"$(inherited)",
					"@executable_path/Frameworks",
				);
				MARKETING_VERSION = 1.0;
				PRODUCT_BUNDLE_IDENTIFIER = "com.tx-TEM.CompositionalLayoutExample";
				PRODUCT_NAME = "$(TARGET_NAME)";
				SWIFT_EMIT_LOC_STRINGS = YES;
				SWIFT_VERSION = 5.0;
				TARGETED_DEVICE_FAMILY = "1,2";
			};
			name = Release;
		};
/* End XCBuildConfiguration section */

/* Begin XCConfigurationList section */
		6FA8C7D127BC69AD0018B992 /* Build configuration list for PBXProject "CompositionalLayoutExample" */ = {
			isa = XCConfigurationList;
			buildConfigurations = (
				6FA8C7E827BC69B60018B992 /* Debug */,
				6FA8C7E927BC69B60018B992 /* Release */,
			);
			defaultConfigurationIsVisible = 0;
			defaultConfigurationName = Release;
		};
		6FA8C7EA27BC69B60018B992 /* Build configuration list for PBXNativeTarget "CompositionalLayoutExample" */ = {
			isa = XCConfigurationList;
			buildConfigurations = (
				6FA8C7EB27BC69B60018B992 /* Debug */,
				6FA8C7EC27BC69B60018B992 /* Release */,
			);
			defaultConfigurationIsVisible = 0;
			defaultConfigurationName = Release;
		};
/* End XCConfigurationList section */
	};
	rootObject = 6FA8C7CE27BC69AD0018B992 /* Project object */;
}
